
Microsoft Visual Studio Solution File, Format Version 12.00
# Visual Studio Version 16
VisualStudioVersion = 16.0.29905.134
MinimumVisualStudioVersion = 10.0.40219.1
Project("{FAE04EC0-301F-11D3-BF4B-00C04F79EFBC}") = "UI", "UI\UI.csproj", "{A44BC74F-327A-469D-B44B-FC9492E4C2B5}"
EndProject
Project("{FAE04EC0-301F-11D3-BF4B-00C04F79EFBC}") = "DataAccess", "DataAccess\DataAccess.csproj", "{6AF19AD2-7A69-43CD-B133-5F065FFE5751}"
EndProject
Project("{FAE04EC0-301F-11D3-BF4B-00C04F79EFBC}") = "Entities", "Entities\Entities.csproj", "{D2A30CC4-AFC1-4094-87E9-003D0D13F711}"
EndProject
Project("{FAE04EC0-301F-11D3-BF4B-00C04F79EFBC}") = "API", "API\API.csproj", "{149D2795-95B7-4227-A94D-D538AE94822F}"
EndProject
Global
	GlobalSection(SolutionConfigurationPlatforms) = preSolution
		Debug|Any CPU = Debug|Any CPU
		Release|Any CPU = Release|Any CPU
	EndGlobalSection
	GlobalSection(ProjectConfigurationPlatforms) = postSolution
		{A44BC74F-327A-469D-B44B-FC9492E4C2B5}.Debug|Any CPU.ActiveCfg = Debug|Any CPU
		{A44BC74F-327A-469D-B44B-FC9492E4C2B5}.Debug|Any CPU.Build.0 = Debug|Any CPU
		{A44BC74F-327A-469D-B44B-FC9492E4C2B5}.Release|Any CPU.ActiveCfg = Release|Any CPU
		{A44BC74F-327A-469D-B44B-FC9492E4C2B5}.Release|Any CPU.Build.0 = Release|Any CPU
		{6AF19AD2-7A69-43CD-B133-5F065FFE5751}.Debug|Any CPU.ActiveCfg = Debug|Any CPU
		{6AF19AD2-7A69-43CD-B133-5F065FFE5751}.Debug|Any CPU.Build.0 = Debug|Any CPU
		{6AF19AD2-7A69-43CD-B133-5F065FFE5751}.Release|Any CPU.ActiveCfg = Release|Any CPU
		{6AF19AD2-7A69-43CD-B133-5F065FFE5751}.Release|Any CPU.Build.0 = Release|Any CPU
		{D2A30CC4-AFC1-4094-87E9-003D0D13F711}.Debug|Any CPU.ActiveCfg = Debug|Any CPU
		{D2A30CC4-AFC1-4094-87E9-003D0D13F711}.Debug|Any CPU.Build.0 = Debug|Any CPU
		{D2A30CC4-AFC1-4094-87E9-003D0D13F711}.Release|Any CPU.ActiveCfg = Release|Any CPU
		{D2A30CC4-AFC1-4094-87E9-003D0D13F711}.Release|Any CPU.Build.0 = Release|Any CPU
		{149D2795-95B7-4227-A94D-D538AE94822F}.Debug|Any CPU.ActiveCfg = Debug|Any CPU
		{149D2795-95B7-4227-A94D-D538AE94822F}.Debug|Any CPU.Build.0 = Debug|Any CPU
		{149D2795-95B7-4227-A94D-D538AE94822F}.Release|Any CPU.ActiveCfg = Release|Any CPU
		{149D2795-95B7-4227-A94D-D538AE94822F}.Release|Any CPU.Build.0 = Release|Any CPU
	EndGlobalSection
	GlobalSection(SolutionProperties) = preSolution
		HideSolutionNode = FALSE
	EndGlobalSection
	GlobalSection(ExtensibilityGlobals) = postSolution
		SolutionGuid = {52984761-A4FD-4671-94EE-731FCF99530F}
	EndGlobalSection
EndGlobal
